
Microsoft Visual Studio Solution File, Format Version 12.00
# Visual Studio 15
VisualStudioVersion = 15.0.28307.1321
MinimumVisualStudioVersion = 10.0.40219.1
Project("{E24C65DC-7377-472B-9ABA-BC803B73C61A}") = "Online", "Online\", "{804932FD-3123-45A3-80D2-ED2E05AE220A}"
	ProjectSection(WebsiteProperties) = preProject
		TargetFrameworkMoniker = ".NETFramework,Version%3Dv4.6.1"
		Debug.AspNetCompiler.VirtualPath = "/localhost_60132"
		Debug.AspNetCompiler.PhysicalPath = "Online\"
		Debug.AspNetCompiler.TargetPath = "PrecompiledWeb\localhost_60132\"
		Debug.AspNetCompiler.Updateable = "true"
		Debug.AspNetCompiler.ForceOverwrite = "true"
		Debug.AspNetCompiler.FixedNames = "false"
		Debug.AspNetCompiler.Debug = "True"
		Release.AspNetCompiler.VirtualPath = "/localhost_60132"
		Release.AspNetCompiler.PhysicalPath = "Online\"
		Release.AspNetCompiler.TargetPath = "PrecompiledWeb\localhost_60132\"
		Release.AspNetCompiler.Updateable = "true"
		Release.AspNetCompiler.ForceOverwrite = "true"
		Release.AspNetCompiler.FixedNames = "false"
		Release.AspNetCompiler.Debug = "False"
		VWDPort = "60132"
		SlnRelativePath = "Online\"
		DefaultWebSiteLanguage = "Visual C#"
	EndProjectSection
EndProject
Global
	GlobalSection(SolutionConfigurationPlatforms) = preSolution
		Debug|Any CPU = Debug|Any CPU
	EndGlobalSection
	GlobalSection(ProjectConfigurationPlatforms) = postSolution
		{804932FD-3123-45A3-80D2-ED2E05AE220A}.Debug|Any CPU.ActiveCfg = Debug|Any CPU
		{804932FD-3123-45A3-80D2-ED2E05AE220A}.Debug|Any CPU.Build.0 = Debug|Any CPU
	EndGlobalSection
	GlobalSection(SolutionProperties) = preSolution
		HideSolutionNode = FALSE
	EndGlobalSection
	GlobalSection(ExtensibilityGlobals) = postSolution
		SolutionGuid = {3EBCEC47-DACB-475D-BCFB-26DD9D5ED9D6}
	EndGlobalSection
EndGlobal
